
Microsoft Visual Studio Solution File, Format Version 11.00
# Visual Studio 2010
Project("{8BC9CEB8-8B4A-11D0-8D11-00A0C91BC942}") = "libcdb", "libcdb\libcdb.vcxproj", "{3E86646D-0FF9-4EF3-9A7B-F4AB0AFC7408}"
EndProject
Project("{8BC9CEB8-8B4A-11D0-8D11-00A0C91BC942}") = "cdb", "cdb\cdb.vcxproj", "{17DAD215-4637-4FD6-A159-39DCC3A493BA}"
EndProject
Global
	GlobalSection(SolutionConfigurationPlatforms) = preSolution
		Debug|Win32 = Debug|Win32
		Release|Win32 = Release|Win32
	EndGlobalSection
	GlobalSection(ProjectConfigurationPlatforms) = postSolution
		{3E86646D-0FF9-4EF3-9A7B-F4AB0AFC7408}.Debug|Win32.ActiveCfg = Debug|Win32
		{3E86646D-0FF9-4EF3-9A7B-F4AB0AFC7408}.Debug|Win32.Build.0 = Debug|Win32
		{3E86646D-0FF9-4EF3-9A7B-F4AB0AFC7408}.Release|Win32.ActiveCfg = Release|Win32
		{3E86646D-0FF9-4EF3-9A7B-F4AB0AFC7408}.Release|Win32.Build.0 = Release|Win32
		{17DAD215-4637-4FD6-A159-39DCC3A493BA}.Debug|Win32.ActiveCfg = Debug|Win32
		{17DAD215-4637-4FD6-A159-39DCC3A493BA}.Debug|Win32.Build.0 = Debug|Win32
		{17DAD215-4637-4FD6-A159-39DCC3A493BA}.Release|Win32.ActiveCfg = Release|Win32
		{17DAD215-4637-4FD6-A159-39DCC3A493BA}.Release|Win32.Build.0 = Release|Win32
	EndGlobalSection
	GlobalSection(SolutionProperties) = preSolution
		HideSolutionNode = FALSE
	EndGlobalSection
EndGlobal
